
Microsoft Visual Studio Solution File, Format Version 12.00
# Visual Studio Version 16
VisualStudioVersion = 16.0.31729.503
MinimumVisualStudioVersion = 10.0.40219.1
Project("{FAE04EC0-301F-11D3-BF4B-00C04F79EFBC}") = "ConsoleApp1", "ConsoleApp1.csproj", "{2EACFE76-EB24-41F1-8AEB-522BF4342D38}"
EndProject
Global
	GlobalSection(SolutionConfigurationPlatforms) = preSolution
		Debug|Any CPU = Debug|Any CPU
		Release|Any CPU = Release|Any CPU
	EndGlobalSection
	GlobalSection(ProjectConfigurationPlatforms) = postSolution
		{2EACFE76-EB24-41F1-8AEB-522BF4342D38}.Debug|Any CPU.ActiveCfg = Debug|Any CPU
		{2EACFE76-EB24-41F1-8AEB-522BF4342D38}.Debug|Any CPU.Build.0 = Debug|Any CPU
		{2EACFE76-EB24-41F1-8AEB-522BF4342D38}.Release|Any CPU.ActiveCfg = Release|Any CPU
		{2EACFE76-EB24-41F1-8AEB-522BF4342D38}.Release|Any CPU.Build.0 = Release|Any CPU
	EndGlobalSection
	GlobalSection(SolutionProperties) = preSolution
		HideSolutionNode = FALSE
	EndGlobalSection
	GlobalSection(ExtensibilityGlobals) = postSolution
		SolutionGuid = {D912857E-C0F5-421F-A33F-F90A1337D38B}
	EndGlobalSection
EndGlobal
